
Microsoft Visual Studio Solution File, Format Version 12.00
# Visual Studio Version 17
VisualStudioVersion = 17.9.34518.117
MinimumVisualStudioVersion = 10.0.40219.1
Project("{9A19103F-16F7-4668-BE54-9A1E7A4F7556}") = "PizzaManager.Business", "PizzaManager.Business\PizzaManager.Business.csproj", "{8EEE6E34-CD4D-4459-B3F9-75978F78FFC1}"
EndProject
Project("{9A19103F-16F7-4668-BE54-9A1E7A4F7556}") = "PizzaManager.Api", "PizzaManager.Api\PizzaManager.Api.csproj", "{2F06FE31-DEBA-4769-A67F-E1D898846C96}"
EndProject
Project("{9A19103F-16F7-4668-BE54-9A1E7A4F7556}") = "PizzaManager.RazorPages", "PizzaManager.RazorPages\PizzaManager.RazorPages.csproj", "{9E15AD46-0FD1-46AA-BC76-6713AF5FACB9}"
EndProject
Project("{9A19103F-16F7-4668-BE54-9A1E7A4F7556}") = "PizzaManager.BlazorServer", "PizzaManager.BlazorServer\PizzaManager.BlazorServer.csproj", "{586DFDBB-BAF5-4C24-9A68-9AE66C682B34}"
EndProject
Project("{9A19103F-16F7-4668-BE54-9A1E7A4F7556}") = "PizzaManager.BlazorServer.Service", "PizzaManager.BlazorServer.Service\PizzaManager.BlazorServer.Service.csproj", "{BBD8BF3B-A7FB-47D2-B63E-D5AFAB15B25D}"
EndProject
Project("{2150E333-8FDC-42A3-9474-1A3956D46DE8}") = "Front", "Front", "{E4F80197-FE91-435F-A043-C62AA97B7696}"
EndProject
Project("{2150E333-8FDC-42A3-9474-1A3956D46DE8}") = "Back", "Back", "{E97AB922-19BD-42BE-8FC7-3D32DA2468A4}"
EndProject
Project("{2150E333-8FDC-42A3-9474-1A3956D46DE8}") = "Other", "Other", "{28D1EA52-0397-4606-BA67-F985D578DD9B}"
EndProject
Global
	GlobalSection(SolutionConfigurationPlatforms) = preSolution
		Debug|Any CPU = Debug|Any CPU
		Release|Any CPU = Release|Any CPU
	EndGlobalSection
	GlobalSection(ProjectConfigurationPlatforms) = postSolution
		{8EEE6E34-CD4D-4459-B3F9-75978F78FFC1}.Debug|Any CPU.ActiveCfg = Debug|Any CPU
		{8EEE6E34-CD4D-4459-B3F9-75978F78FFC1}.Debug|Any CPU.Build.0 = Debug|Any CPU
		{8EEE6E34-CD4D-4459-B3F9-75978F78FFC1}.Release|Any CPU.ActiveCfg = Release|Any CPU
		{8EEE6E34-CD4D-4459-B3F9-75978F78FFC1}.Release|Any CPU.Build.0 = Release|Any CPU
		{2F06FE31-DEBA-4769-A67F-E1D898846C96}.Debug|Any CPU.ActiveCfg = Debug|Any CPU
		{2F06FE31-DEBA-4769-A67F-E1D898846C96}.Debug|Any CPU.Build.0 = Debug|Any CPU
		{2F06FE31-DEBA-4769-A67F-E1D898846C96}.Release|Any CPU.ActiveCfg = Release|Any CPU
		{2F06FE31-DEBA-4769-A67F-E1D898846C96}.Release|Any CPU.Build.0 = Release|Any CPU
		{9E15AD46-0FD1-46AA-BC76-6713AF5FACB9}.Debug|Any CPU.ActiveCfg = Debug|Any CPU
		{9E15AD46-0FD1-46AA-BC76-6713AF5FACB9}.Debug|Any CPU.Build.0 = Debug|Any CPU
		{9E15AD46-0FD1-46AA-BC76-6713AF5FACB9}.Release|Any CPU.ActiveCfg = Release|Any CPU
		{9E15AD46-0FD1-46AA-BC76-6713AF5FACB9}.Release|Any CPU.Build.0 = Release|Any CPU
		{586DFDBB-BAF5-4C24-9A68-9AE66C682B34}.Debug|Any CPU.ActiveCfg = Debug|Any CPU
		{586DFDBB-BAF5-4C24-9A68-9AE66C682B34}.Debug|Any CPU.Build.0 = Debug|Any CPU
		{586DFDBB-BAF5-4C24-9A68-9AE66C682B34}.Release|Any CPU.ActiveCfg = Release|Any CPU
		{586DFDBB-BAF5-4C24-9A68-9AE66C682B34}.Release|Any CPU.Build.0 = Release|Any CPU
		{BBD8BF3B-A7FB-47D2-B63E-D5AFAB15B25D}.Debug|Any CPU.ActiveCfg = Debug|Any CPU
		{BBD8BF3B-A7FB-47D2-B63E-D5AFAB15B25D}.Debug|Any CPU.Build.0 = Debug|Any CPU
		{BBD8BF3B-A7FB-47D2-B63E-D5AFAB15B25D}.Release|Any CPU.ActiveCfg = Release|Any CPU
		{BBD8BF3B-A7FB-47D2-B63E-D5AFAB15B25D}.Release|Any CPU.Build.0 = Release|Any CPU
	EndGlobalSection
	GlobalSection(SolutionProperties) = preSolution
		HideSolutionNode = FALSE
	EndGlobalSection
	GlobalSection(NestedProjects) = preSolution
		{8EEE6E34-CD4D-4459-B3F9-75978F78FFC1} = {E97AB922-19BD-42BE-8FC7-3D32DA2468A4}
		{2F06FE31-DEBA-4769-A67F-E1D898846C96} = {E97AB922-19BD-42BE-8FC7-3D32DA2468A4}
		{9E15AD46-0FD1-46AA-BC76-6713AF5FACB9} = {28D1EA52-0397-4606-BA67-F985D578DD9B}
		{586DFDBB-BAF5-4C24-9A68-9AE66C682B34} = {E4F80197-FE91-435F-A043-C62AA97B7696}
		{BBD8BF3B-A7FB-47D2-B63E-D5AFAB15B25D} = {E4F80197-FE91-435F-A043-C62AA97B7696}
	EndGlobalSection
	GlobalSection(ExtensibilityGlobals) = postSolution
		SolutionGuid = {86B39A29-83AC-4D34-9B76-F977BA046749}
	EndGlobalSection
EndGlobal
